
Microsoft Visual Studio Solution File, Format Version 12.00
# Visual Studio Version 17
VisualStudioVersion = 17.1.32319.34
MinimumVisualStudioVersion = 10.0.40219.1
Project("{FAE04EC0-301F-11D3-BF4B-00C04F79EFBC}") = "finalProject", "finalProject\finalProject.csproj", "{D282C51E-22E1-4D75-B1FE-3916414ABFE3}"
EndProject
Project("{FAE04EC0-301F-11D3-BF4B-00C04F79EFBC}") = "DataAccessLayer", "DataAccessLayer\DataAccessLayer.csproj", "{71F06D7E-7369-4D1E-9081-4491F397E7BF}"
EndProject
Global
	GlobalSection(SolutionConfigurationPlatforms) = preSolution
		Debug|Any CPU = Debug|Any CPU
		Release|Any CPU = Release|Any CPU
	EndGlobalSection
	GlobalSection(ProjectConfigurationPlatforms) = postSolution
		{D282C51E-22E1-4D75-B1FE-3916414ABFE3}.Debug|Any CPU.ActiveCfg = Debug|Any CPU
		{D282C51E-22E1-4D75-B1FE-3916414ABFE3}.Debug|Any CPU.Build.0 = Debug|Any CPU
		{D282C51E-22E1-4D75-B1FE-3916414ABFE3}.Release|Any CPU.ActiveCfg = Release|Any CPU
		{D282C51E-22E1-4D75-B1FE-3916414ABFE3}.Release|Any CPU.Build.0 = Release|Any CPU
		{71F06D7E-7369-4D1E-9081-4491F397E7BF}.Debug|Any CPU.ActiveCfg = Debug|Any CPU
		{71F06D7E-7369-4D1E-9081-4491F397E7BF}.Debug|Any CPU.Build.0 = Debug|Any CPU
		{71F06D7E-7369-4D1E-9081-4491F397E7BF}.Release|Any CPU.ActiveCfg = Release|Any CPU
		{71F06D7E-7369-4D1E-9081-4491F397E7BF}.Release|Any CPU.Build.0 = Release|Any CPU
	EndGlobalSection
	GlobalSection(SolutionProperties) = preSolution
		HideSolutionNode = FALSE
	EndGlobalSection
	GlobalSection(ExtensibilityGlobals) = postSolution
		SolutionGuid = {64DE4611-E464-40BE-AD46-AE4178BEA2AA}
	EndGlobalSection
EndGlobal
